{
  "object": {
    "pins": [
      {
        "package": "swift-crypto",
        "repositoryURL": "https://github.com/apple/swift-crypto",
        "state": {
          "branch": null,
          "revision": "ffca28be3c9c6a86a579949d23f68818a4b9b5d8",
          "version": "3.8.0"
        }
      }
    ]
  },
  "version": 1
}
